#MicroXplorer Configuration settings - do not modify
CAD.formats=
CAD.pinconfig=
CAD.provider=
CORTEX_M7.IPParameters=default_mode_Activation
CORTEX_M7.default_mode_Activation=1
DAC1.DAC_Channel-DAC_OUT1=DAC_CHANNEL_1
DAC1.DAC_Channel-DAC_OUT2=DAC_CHANNEL_2
DAC1.IPParameters=DAC_Channel-DAC_OUT1,DAC_Channel-DAC_OUT2
FDCAN1.CalculateBaudRateNominal=500000
FDCAN1.CalculateTimeBitNominal=2000
FDCAN1.CalculateTimeQuantumNominal=125.0
FDCAN1.IPParameters=CalculateTimeQuantumNominal,CalculateTimeBitNominal,CalculateBaudRateNominal,TxBuffersNbr,NominalPrescaler,NominalTimeSeg1,NominalTimeSeg2
FDCAN1.NominalPrescaler=10
FDCAN1.NominalTimeSeg1=13
FDCAN1.NominalTimeSeg2=2
FDCAN1.TxBuffersNbr=32
FDCAN2.CalculateBaudRateNominal=500000
FDCAN2.CalculateTimeBitNominal=2000
FDCAN2.CalculateTimeQuantumNominal=125.0
FDCAN2.IPParameters=CalculateTimeQuantumNominal,CalculateTimeBitNominal,CalculateBaudRateNominal,TxBuffersNbr,NominalPrescaler,NominalTimeSeg1,NominalTimeSeg2
FDCAN2.NominalPrescaler=10
FDCAN2.NominalTimeSeg1=13
FDCAN2.NominalTimeSeg2=2
FDCAN2.TxBuffersNbr=32
FDCAN3.CalculateBaudRateNominal=500000
FDCAN3.CalculateTimeBitNominal=2000
FDCAN3.CalculateTimeQuantumNominal=125.0
FDCAN3.IPParameters=CalculateTimeQuantumNominal,CalculateTimeBitNominal,CalculateBaudRateNominal,TxBuffersNbr,NominalPrescaler,NominalTimeSeg1,NominalTimeSeg2
FDCAN3.NominalPrescaler=10
FDCAN3.NominalTimeSeg1=13
FDCAN3.NominalTimeSeg2=2
FDCAN3.TxBuffersNbr=32
File.Version=6
GPIO.groupedBy=
I2C1.IPParameters=Timing
I2C1.Timing=0x60404E72
I2C2.IPParameters=Timing
I2C2.Timing=0x60404E72
KeepUserPlacement=false
MMTAppRegionsCount=0
MMTConfigApplied=false
MMTSectionSuffix=
Mcu.CPN=STM32H723ZGT6
Mcu.Family=STM32H7
Mcu.IP0=CORTEX_M7
Mcu.IP1=DAC1
Mcu.IP10=SPI5
Mcu.IP11=SYS
Mcu.IP2=FDCAN1
Mcu.IP3=FDCAN2
Mcu.IP4=FDCAN3
Mcu.IP5=I2C1
Mcu.IP6=I2C2
Mcu.IP7=MEMORYMAP
Mcu.IP8=NVIC
Mcu.IP9=RCC
Mcu.IPNb=12
Mcu.Name=STM32H723ZGTx
Mcu.Package=LQFP144
Mcu.Pin0=PF0
Mcu.Pin1=PF1
Mcu.Pin10=PB1
Mcu.Pin11=PB2
Mcu.Pin12=PB12
Mcu.Pin13=PB13
Mcu.Pin14=PD12
Mcu.Pin15=PD13
Mcu.Pin16=PG7
Mcu.Pin17=PD0
Mcu.Pin18=PD1
Mcu.Pin19=PB3(JTDO/TRACESWO)
Mcu.Pin2=PF7
Mcu.Pin20=PB4(NJTRST)
Mcu.Pin21=PB5
Mcu.Pin22=PB6
Mcu.Pin23=PB7
Mcu.Pin24=PB8
Mcu.Pin25=PB9
Mcu.Pin26=VP_SYS_VS_tim23
Mcu.Pin27=VP_MEMORYMAP_VS_MEMORYMAP
Mcu.Pin28=VP_STMicroelectronics.X-CUBE-AZRTOS-H7_VS_RTOSJjThreadX_6.4.0_3.4.0
Mcu.Pin3=PF8
Mcu.Pin4=PF9
Mcu.Pin5=PH0-OSC_IN
Mcu.Pin6=PH1-OSC_OUT
Mcu.Pin7=PA4
Mcu.Pin8=PA5
Mcu.Pin9=PB0
Mcu.PinsNb=29
Mcu.ThirdParty0=STMicroelectronics.X-CUBE-AZRTOS-H7.3.4.0
Mcu.ThirdPartyNb=1
Mcu.UserConstants=
Mcu.UserName=STM32H723ZGTx
MxCube.Version=6.16.1
MxDb.Version=DB.6.0.161
NVIC.BusFault_IRQn=true\:0\:0\:false\:false\:true\:false\:false\:false\:false
NVIC.DebugMonitor_IRQn=true\:0\:0\:false\:false\:true\:false\:false\:false\:false
NVIC.ForceEnableDMAVector=true
NVIC.HardFault_IRQn=true\:0\:0\:false\:false\:true\:false\:false\:false\:false
NVIC.MemoryManagement_IRQn=true\:0\:0\:false\:false\:true\:false\:false\:false\:false
NVIC.NonMaskableInt_IRQn=true\:0\:0\:false\:false\:true\:false\:false\:false\:false
NVIC.PendSV_IRQn=true\:0\:0\:false\:false\:false\:false\:false\:false\:false
NVIC.PriorityGroup=NVIC_PRIORITYGROUP_4
NVIC.SVCall_IRQn=true\:0\:0\:false\:false\:false\:false\:false\:false\:false
NVIC.SavedPendsvIrqHandlerGenerated=true
NVIC.SavedSvcallIrqHandlerGenerated=true
NVIC.SavedSystickIrqHandlerGenerated=true
NVIC.SysTick_IRQn=true\:0\:0\:false\:false\:false\:false\:false\:true\:false
NVIC.TIM23_IRQn=true\:15\:0\:false\:false\:true\:false\:false\:true\:true
NVIC.TimeBase=TIM23_IRQn
NVIC.TimeBaseIP=TIM23
NVIC.UsageFault_IRQn=true\:0\:0\:false\:false\:true\:false\:false\:false\:false
PA4.Locked=true
PA4.Signal=COMP_DAC11_group
PA5.Locked=true
PA5.Signal=COMP_DAC12_group
PB0.GPIOParameters=GPIO_Label
PB0.GPIO_Label=GPIO_PB0
PB0.Locked=true
PB0.Signal=GPIO_Output
PB1.GPIOParameters=GPIO_Label
PB1.GPIO_Label=GPIO_PB1
PB1.Locked=true
PB1.Signal=GPIO_Output
PB12.Locked=true
PB12.Mode=FDCAN_Activate
PB12.Signal=FDCAN2_RX
PB13.Locked=true
PB13.Mode=FDCAN_Activate
PB13.Signal=FDCAN2_TX
PB2.GPIOParameters=GPIO_Label
PB2.GPIO_Label=GPIO_PB2
PB2.Locked=true
PB2.Signal=GPIO_Output
PB3(JTDO/TRACESWO).GPIOParameters=GPIO_Label
PB3(JTDO/TRACESWO).GPIO_Label=GPIO_PB3
PB3(JTDO/TRACESWO).Locked=true
PB3(JTDO/TRACESWO).Signal=GPIO_Output
PB4(NJTRST).GPIOParameters=GPIO_Label
PB4(NJTRST).GPIO_Label=GPIO_PB4
PB4(NJTRST).Locked=true
PB4(NJTRST).Signal=GPIO_Output
PB5.GPIOParameters=GPIO_Label
PB5.GPIO_Label=GPIO_PB5
PB5.Locked=true
PB5.Signal=GPIO_Output
PB6.GPIOParameters=GPIO_Label
PB6.GPIO_Label=GPIO_PB6
PB6.Locked=true
PB6.Signal=GPIO_Output
PB7.GPIOParameters=GPIO_Label
PB7.GPIO_Label=GPIO_PB7
PB7.Locked=true
PB7.Signal=GPIO_Output
PB8.Locked=true
PB8.Mode=I2C
PB8.Signal=I2C1_SCL
PB9.Locked=true
PB9.Mode=I2C
PB9.Signal=I2C1_SDA
PD0.Locked=true
PD0.Mode=FDCAN_Activate
PD0.Signal=FDCAN1_RX
PD1.Locked=true
PD1.Mode=FDCAN_Activate
PD1.Signal=FDCAN1_TX
PD12.Locked=true
PD12.Mode=FDCAN_Activate
PD12.Signal=FDCAN3_RX
PD13.Locked=true
PD13.Mode=FDCAN_Activate
PD13.Signal=FDCAN3_TX
PF0.Locked=true
PF0.Mode=I2C
PF0.Signal=I2C2_SDA
PF1.Locked=true
PF1.Mode=I2C
PF1.Signal=I2C2_SCL
PF7.Locked=true
PF7.Mode=Full_Duplex_Master
PF7.Signal=SPI5_SCK
PF8.Locked=true
PF8.Mode=Full_Duplex_Master
PF8.Signal=SPI5_MISO
PF9.Locked=true
PF9.Mode=Full_Duplex_Master
PF9.Signal=SPI5_MOSI
PG7.GPIOParameters=GPIO_Label
PG7.GPIO_Label=LED_BLUE
PG7.Locked=true
PG7.Signal=GPIO_Output
PH0-OSC_IN.Locked=true
PH0-OSC_IN.Mode=HSE-External-Oscillator
PH0-OSC_IN.Signal=RCC_OSC_IN
PH1-OSC_OUT.Locked=true
PH1-OSC_OUT.Mode=HSE-External-Oscillator
PH1-OSC_OUT.Signal=RCC_OSC_OUT
PinOutPanel.RotationAngle=0
ProjectManager.AskForMigrate=true
ProjectManager.BackupPrevious=false
ProjectManager.CompilerLinker=GCC
ProjectManager.CompilerOptimize=6
ProjectManager.ComputerToolchain=false
ProjectManager.CoupleFile=false
ProjectManager.CustomerFirmwarePackage=
ProjectManager.DefaultFWLocation=true
ProjectManager.DeletePrevious=true
ProjectManager.DeviceId=STM32H723ZGTx
ProjectManager.FirmwarePackage=STM32Cube FW_H7 V1.12.1
ProjectManager.FreePins=false
ProjectManager.FreePinsContext=
ProjectManager.HalAssertFull=false
ProjectManager.HeapSize=0x200
ProjectManager.KeepUserCode=true
ProjectManager.LastFirmware=true
ProjectManager.LibraryCopy=0
ProjectManager.MainLocation=Core/Src
ProjectManager.NoMain=false
ProjectManager.PreviousToolchain=
ProjectManager.ProjectBuild=false
ProjectManager.ProjectFileName=STM32H723ZGT6_AzureRTOS_IAR.ioc
ProjectManager.ProjectName=STM32H723ZGT6_AzureRTOS_IAR
ProjectManager.ProjectStructure=
ProjectManager.RegisterCallBack=
ProjectManager.StackSize=0x400
ProjectManager.TargetToolchain=EWARM V8.50
ProjectManager.ToolChainLocation=
ProjectManager.UAScriptAfterPath=
ProjectManager.UAScriptBeforePath=
ProjectManager.UnderRoot=false
ProjectManager.functionlistsort=1-SystemClock_Config-RCC-false-HAL-false,2-MX_GPIO_Init-GPIO-false-HAL-true,3-MX_FDCAN1_Init-FDCAN1-false-HAL-true,4-MX_FDCAN2_Init-FDCAN2-false-HAL-true,5-MX_FDCAN3_Init-FDCAN3-false-HAL-true,6-MX_DAC1_Init-DAC1-false-HAL-true,7-MX_SPI5_Init-SPI5-false-HAL-true,0-MX_CORTEX_M7_Init-CORTEX_M7-false-HAL-true
RCC.ADCFreq_Value=80000000
RCC.AHB12Freq_Value=275000000
RCC.AHB4Freq_Value=275000000
RCC.APB1Freq_Value=137500000
RCC.APB2Freq_Value=137500000
RCC.APB3Freq_Value=137500000
RCC.APB4Freq_Value=137500000
RCC.AXIClockFreq_Value=275000000
RCC.CECFreq_Value=32000
RCC.CKPERFreq_Value=64000000
RCC.CortexFreq_Value=550000000
RCC.CpuClockFreq_Value=550000000
RCC.D1CPREFreq_Value=550000000
RCC.D1PPRE=RCC_APB3_DIV2
RCC.D2PPRE1=RCC_APB1_DIV2
RCC.D2PPRE2=RCC_APB2_DIV2
RCC.D3PPRE=RCC_APB4_DIV2
RCC.DFSDMACLkFreq_Value=275000000
RCC.DFSDMFreq_Value=137500000
RCC.DIVM1=2
RCC.DIVM2=25
RCC.DIVN1=44
RCC.DIVN2=160
RCC.DIVP1=1
RCC.DIVP1Freq_Value=550000000
RCC.DIVP2Freq_Value=80000000
RCC.DIVP3Freq_Value=50390625
RCC.DIVQ1Freq_Value=275000000
RCC.DIVQ2Freq_Value=80000000
RCC.DIVQ3Freq_Value=50390625
RCC.DIVR1Freq_Value=275000000
RCC.DIVR2Freq_Value=80000000
RCC.DIVR3Freq_Value=50390625
RCC.FDCANCLockSelection=RCC_FDCANCLKSOURCE_PLL2
RCC.FDCANFreq_Value=80000000
RCC.FMCFreq_Value=275000000
RCC.FamilyName=M
RCC.HCLK3ClockFreq_Value=275000000
RCC.HCLKFreq_Value=275000000
RCC.HPRE=RCC_HCLK_DIV2
RCC.I2C123Freq_Value=137500000
RCC.I2C4Freq_Value=137500000
RCC.IPParameters=ADCFreq_Value,AHB12Freq_Value,AHB4Freq_Value,APB1Freq_Value,APB2Freq_Value,APB3Freq_Value,APB4Freq_Value,AXIClockFreq_Value,CECFreq_Value,CKPERFreq_Value,CortexFreq_Value,CpuClockFreq_Value,D1CPREFreq_Value,D1PPRE,D2PPRE1,D2PPRE2,D3PPRE,DFSDMACLkFreq_Value,DFSDMFreq_Value,DIVM1,DIVM2,DIVN1,DIVN2,DIVP1,DIVP1Freq_Value,DIVP2Freq_Value,DIVP3Freq_Value,DIVQ1Freq_Value,DIVQ2Freq_Value,DIVQ3Freq_Value,DIVR1Freq_Value,DIVR2Freq_Value,DIVR3Freq_Value,FDCANCLockSelection,FDCANFreq_Value,FMCFreq_Value,FamilyName,HCLK3ClockFreq_Value,HCLKFreq_Value,HPRE,I2C123Freq_Value,I2C4Freq_Value,LPTIM1Freq_Value,LPTIM2Freq_Value,LPTIM345Freq_Value,LPUART1Freq_Value,LTDCFreq_Value,MCO1PinFreq_Value,MCO2PinFreq_Value,PLL2FRACN,PLL3FRACN,PLLFRACN,PLLSourceVirtual,QSPIFreq_Value,RNGFreq_Value,RTCFreq_Value,SAI1Freq_Value,SAI4AFreq_Value,SAI4BFreq_Value,SDMMCFreq_Value,SPDIFRXFreq_Value,SPI123Freq_Value,SPI45Freq_Value,SPI6Freq_Value,SWPMI1Freq_Value,SYSCLKFreq_VALUE,SYSCLKSource,Tim1OutputFreq_Value,Tim2OutputFreq_Value,TraceFreq_Value,USART16Freq_Value,USART234578Freq_Value,USBFreq_Value,VCO1OutputFreq_Value,VCO2OutputFreq_Value,VCO3OutputFreq_Value,VCOInput1Freq_Value,VCOInput2Freq_Value,VCOInput3Freq_Value
RCC.LPTIM1Freq_Value=137500000
RCC.LPTIM2Freq_Value=137500000
RCC.LPTIM345Freq_Value=137500000
RCC.LPUART1Freq_Value=137500000
RCC.LTDCFreq_Value=50390625
RCC.MCO1PinFreq_Value=64000000
RCC.MCO2PinFreq_Value=550000000
RCC.PLL2FRACN=0
RCC.PLL3FRACN=0
RCC.PLLFRACN=0
RCC.PLLSourceVirtual=RCC_PLLSOURCE_HSE
RCC.QSPIFreq_Value=275000000
RCC.RNGFreq_Value=48000000
RCC.RTCFreq_Value=32000
RCC.SAI1Freq_Value=275000000
RCC.SAI4AFreq_Value=275000000
RCC.SAI4BFreq_Value=275000000
RCC.SDMMCFreq_Value=275000000
RCC.SPDIFRXFreq_Value=275000000
RCC.SPI123Freq_Value=275000000
RCC.SPI45Freq_Value=137500000
RCC.SPI6Freq_Value=137500000
RCC.SWPMI1Freq_Value=137500000
RCC.SYSCLKFreq_VALUE=550000000
RCC.SYSCLKSource=RCC_SYSCLKSOURCE_PLLCLK
RCC.Tim1OutputFreq_Value=275000000
RCC.Tim2OutputFreq_Value=275000000
RCC.TraceFreq_Value=64000000
RCC.USART16Freq_Value=137500000
RCC.USART234578Freq_Value=137500000
RCC.USBFreq_Value=275000000
RCC.VCO1OutputFreq_Value=550000000
RCC.VCO2OutputFreq_Value=160000000
RCC.VCO3OutputFreq_Value=100781250
RCC.VCOInput1Freq_Value=12500000
RCC.VCOInput2Freq_Value=1000000
RCC.VCOInput3Freq_Value=781250
SH.COMP_DAC11_group.0=DAC1_OUT1,DAC_OUT1
SH.COMP_DAC11_group.ConfNb=1
SH.COMP_DAC12_group.0=DAC1_OUT2,DAC_OUT2
SH.COMP_DAC12_group.ConfNb=1
SPI5.CalculateBaudRate=68.75 MBits/s
SPI5.Direction=SPI_DIRECTION_2LINES
SPI5.IPParameters=VirtualType,Mode,Direction,CalculateBaudRate
SPI5.Mode=SPI_MODE_MASTER
SPI5.VirtualType=VM_MASTER
STMicroelectronics.X-CUBE-AZRTOS-H7.3.4.0.IPParameters=TX_APP_GENERATE_INIT_CODE,TX_APP_CREATION,TX_APP_SEM_CREATION,TX_APP_MUTEX_CREATION,TX_APP_MSG_QUEUE_CREATION,TX_APP_MEM_POOL_SIZE,TX_TIMER_TICKS_PER_SECOND,ThreadXCcRTOSJjThreadXJjCore
STMicroelectronics.X-CUBE-AZRTOS-H7.3.4.0.RTOSJjThreadX_Checked=true
STMicroelectronics.X-CUBE-AZRTOS-H7.3.4.0.TX_APP_CREATION=1
STMicroelectronics.X-CUBE-AZRTOS-H7.3.4.0.TX_APP_GENERATE_INIT_CODE=true
STMicroelectronics.X-CUBE-AZRTOS-H7.3.4.0.TX_APP_MEM_POOL_SIZE=8192
STMicroelectronics.X-CUBE-AZRTOS-H7.3.4.0.TX_APP_MSG_QUEUE_CREATION=0
STMicroelectronics.X-CUBE-AZRTOS-H7.3.4.0.TX_APP_MUTEX_CREATION=0
STMicroelectronics.X-CUBE-AZRTOS-H7.3.4.0.TX_APP_SEM_CREATION=0
STMicroelectronics.X-CUBE-AZRTOS-H7.3.4.0.TX_TIMER_TICKS_PER_SECOND=1000
STMicroelectronics.X-CUBE-AZRTOS-H7.3.4.0.ThreadXCcRTOSJjThreadXJjCore=true
STMicroelectronics.X-CUBE-AZRTOS-H7.3.4.0_IsAnAzureRtosMw=true
STMicroelectronics.X-CUBE-AZRTOS-H7.3.4.0_SwParameter=ThreadXCcRTOSJjThreadXJjCore\:true;
VP_MEMORYMAP_VS_MEMORYMAP.Mode=CurAppReg
VP_MEMORYMAP_VS_MEMORYMAP.Signal=MEMORYMAP_VS_MEMORYMAP
VP_STMicroelectronics.X-CUBE-AZRTOS-H7_VS_RTOSJjThreadX_6.4.0_3.4.0.Mode=RTOSJjThreadX
VP_STMicroelectronics.X-CUBE-AZRTOS-H7_VS_RTOSJjThreadX_6.4.0_3.4.0.Signal=STMicroelectronics.X-CUBE-AZRTOS-H7_VS_RTOSJjThreadX_6.4.0_3.4.0
VP_SYS_VS_tim23.Mode=TIM23
VP_SYS_VS_tim23.Signal=SYS_VS_tim23
board=custom
